// !$*UTF8*$!
{
	archiveVersion = 1;
	classes = {
	};
	objectVersion = 46;
	objects = {

/* Begin PBXBuildFile section */
		601079B21D49510300BA44F4 /* AppDelegate.swift in Sources */ = {isa = PBXBuildFile; fileRef = 601079B11D49510300BA44F4 /* AppDelegate.swift */; };
		601079B41D49510300BA44F4 /* ViewController.swift in Sources */ = {isa = PBXBuildFile; fileRef = 601079B31D49510300BA44F4 /* ViewController.swift */; };
		601079B71D49510300BA44F4 /* Main.storyboard in Resources */ = {isa = PBXBuildFile; fileRef = 601079B51D49510300BA44F4 /* Main.storyboard */; };
		601079B91D49510300BA44F4 /* Assets.xcassets in Resources */ = {isa = PBXBuildFile; fileRef = 601079B81D49510300BA44F4 /* Assets.xcassets */; };
		601079BC1D49510300BA44F4 /* LaunchScreen.storyboard in Resources */ = {isa = PBXBuildFile; fileRef = 601079BA1D49510300BA44F4 /* LaunchScreen.storyboard */; };
		6034E79F1D4A9098008C3684 /* CoreLocation.framework in Frameworks */ = {isa = PBXBuildFile; fileRef = 6034E79E1D4A9098008C3684 /* CoreLocation.framework */; };
		60DBBF691D99D88F0041A969 /* PlacesTableViewController.swift in Sources */ = {isa = PBXBuildFile; fileRef = 60DBBF681D99D88F0041A969 /* PlacesTableViewController.swift */; };
/* End PBXBuildFile section */

/* Begin PBXFileReference section */
		601079AE1D49510300BA44F4 /* Memorable Places.app */ = {isa = PBXFileReference; explicitFileType = wrapper.application; includeInIndex = 0; path = "Memorable Places.app"; sourceTree = BUILT_PRODUCTS_DIR; };
		601079B11D49510300BA44F4 /* AppDelegate.swift */ = {isa = PBXFileReference; lastKnownFileType = sourcecode.swift; path = AppDelegate.swift; sourceTree = "<group>"; };
		601079B31D49510300BA44F4 /* ViewController.swift */ = {isa = PBXFileReference; lastKnownFileType = sourcecode.swift; path = ViewController.swift; sourceTree = "<group>"; };
		601079B61D49510300BA44F4 /* Base */ = {isa = PBXFileReference; lastKnownFileType = file.storyboard; name = Base; path = Base.lproj/Main.storyboard; sourceTree = "<group>"; };
		601079B81D49510300BA44F4 /* Assets.xcassets */ = {isa = PBXFileReference; lastKnownFileType = folder.assetcatalog; path = Assets.xcassets; sourceTree = "<group>"; };
		601079BB1D49510300BA44F4 /* Base */ = {isa = PBXFileReference; lastKnownFileType = file.storyboard; name = Base; path = Base.lproj/LaunchScreen.storyboard; sourceTree = "<group>"; };
		601079BD1D49510300BA44F4 /* Info.plist */ = {isa = PBXFileReference; lastKnownFileType = text.plist.xml; path = Info.plist; sourceTree = "<group>"; };
		6034E79E1D4A9098008C3684 /* CoreLocation.framework */ = {isa = PBXFileReference; lastKnownFileType = wrapper.framework; name = CoreLocation.framework; path = System/Library/Frameworks/CoreLocation.framework; sourceTree = SDKROOT; };
		60DBBF681D99D88F0041A969 /* PlacesTableViewController.swift */ = {isa = PBXFileReference; fileEncoding = 4; lastKnownFileType = sourcecode.swift; path = PlacesTableViewController.swift; sourceTree = "<group>"; };
/* End PBXFileReference section */

/* Begin PBXFrameworksBuildPhase section */
		601079AB1D49510300BA44F4 /* Frameworks */ = {
			isa = PBXFrameworksBuildPhase;
			buildActionMask = 2147483647;
			files = (
				6034E79F1D4A9098008C3684 /* CoreLocation.framework in Frameworks */,
			);
			runOnlyForDeploymentPostprocessing = 0;
		};
/* End PBXFrameworksBuildPhase section */

/* Begin PBXGroup section */
		601079A51D49510300BA44F4 = {
			isa = PBXGroup;
			children = (
				601079B01D49510300BA44F4 /* Memorable Places */,
				601079AF1D49510300BA44F4 /* Products */,
				6034E79D1D4A9098008C3684 /* Frameworks */,
			);
			sourceTree = "<group>";
		};
		601079AF1D49510300BA44F4 /* Products */ = {
			isa = PBXGroup;
			children = (
				601079AE1D49510300BA44F4 /* Memorable Places.app */,
			);
			name = Products;
			sourceTree = "<group>";
		};
		601079B01D49510300BA44F4 /* Memorable Places */ = {
			isa = PBXGroup;
			children = (
				601079B11D49510300BA44F4 /* AppDelegate.swift */,
				601079B31D49510300BA44F4 /* ViewController.swift */,
				60DBBF681D99D88F0041A969 /* PlacesTableViewController.swift */,
				601079B51D49510300BA44F4 /* Main.storyboard */,
				601079B81D49510300BA44F4 /* Assets.xcassets */,
				601079BA1D49510300BA44F4 /* LaunchScreen.storyboard */,
				601079BD1D49510300BA44F4 /* Info.plist */,
			);
			path = "Memorable Places";
			sourceTree = "<group>";
		};
		6034E79D1D4A9098008C3684 /* Frameworks */ = {
			isa = PBXGroup;
			children = (
				6034E79E1D4A9098008C3684 /* CoreLocation.framework */,
			);
			name = Frameworks;
			sourceTree = "<group>";
		};
/* End PBXGroup section */

/* Begin PBXNativeTarget section */
		601079AD1D49510300BA44F4 /* Memorable Places */ = {
			isa = PBXNativeTarget;
			buildConfigurationList = 601079C01D49510300BA44F4 /* Build configuration list for PBXNativeTarget "Memorable Places" */;
			buildPhases = (
				601079AA1D49510300BA44F4 /* Sources */,
				601079AB1D49510300BA44F4 /* Frameworks */,
				601079AC1D49510300BA44F4 /* Resources */,
			);
			buildRules = (
			);
			dependencies = (
			);
			name = "Memorable Places";
			productName = "Memorable Places";
			productReference = 601079AE1D49510300BA44F4 /* Memorable Places.app */;
			productType = "com.apple.product-type.application";
		};
/* End PBXNativeTarget section */

/* Begin PBXProject section */
		601079A61D49510300BA44F4 /* Project object */ = {
			isa = PBXProject;
			attributes = {
				LastSwiftUpdateCheck = 0800;
				LastUpgradeCheck = 0800;
				ORGANIZATIONNAME = "App Monkey";
				TargetAttributes = {
					601079AD1D49510300BA44F4 = {
						CreatedOnToolsVersion = 8.0;
						DevelopmentTeam = 8X44M99RD4;
						DevelopmentTeamName = "Reid Kostenuk (Personal Team)";
						ProvisioningStyle = Automatic;
					};
				};
			};
			buildConfigurationList = 601079A91D49510300BA44F4 /* Build configuration list for PBXProject "Memorable Places" */;
			compatibilityVersion = "Xcode 3.2";
			developmentRegion = English;
			hasScannedForEncodings = 0;
			knownRegions = (
				en,
				Base,
			);
			mainGroup = 601079A51D49510300BA44F4;
			productRefGroup = 601079AF1D49510300BA44F4 /* Products */;
			projectDirPath = "";
			projectRoot = "";
			targets = (
				601079AD1D49510300BA44F4 /* Memorable Places */,
			);
		};
/* End PBXProject section */

/* Begin PBXResourcesBuildPhase section */
		601079AC1D49510300BA44F4 /* Resources */ = {
			isa = PBXResourcesBuildPhase;
			buildActionMask = 2147483647;
			files = (
				601079BC1D49510300BA44F4 /* LaunchScreen.storyboard in Resources */,
				601079B91D49510300BA44F4 /* Assets.xcassets in Resources */,
				601079B71D49510300BA44F4 /* Main.storyboard in Resources */,
			);
			runOnlyForDeploymentPostprocessing = 0;
		};
/* End PBXResourcesBuildPhase section */

/* Begin PBXSourcesBuildPhase section */
		601079AA1D49510300BA44F4 /* Sources */ = {
			isa = PBXSourcesBuildPhase;
			buildActionMask = 2147483647;
			files = (
				601079B41D49510300BA44F4 /* ViewController.swift in Sources */,
				60DBBF691D99D88F0041A969 /* PlacesTableViewController.swift in Sources */,
				601079B21D49510300BA44F4 /* AppDelegate.swift in Sources */,
			);
			runOnlyForDeploymentPostprocessing = 0;
		};
/* End PBXSourcesBuildPhase section */

/* Begin PBXVariantGroup section */
		601079B51D49510300BA44F4 /* Main.storyboard */ = {
			isa = PBXVariantGroup;
			children = (
				601079B61D49510300BA44F4 /* Base */,
			);
			name = Main.storyboard;
			sourceTree = "<group>";
		};
		601079BA1D49510300BA44F4 /* LaunchScreen.storyboard */ = {
			isa = PBXVariantGroup;
			children = (
				601079BB1D49510300BA44F4 /* Base */,
			);
			name = LaunchScreen.storyboard;
			sourceTree = "<group>";
		};
/* End PBXVariantGroup section */

/* Begin XCBuildConfiguration section */
		601079BE1D49510300BA44F4 /* Debug */ = {
			isa = XCBuildConfiguration;
			buildSettings = {
				ALWAYS_SEARCH_USER_PATHS = NO;
				CLANG_ANALYZER_NONNULL = YES;
				CLANG_CXX_LANGUAGE_STANDARD = "gnu++0x";
				CLANG_CXX_LIBRARY = "libc++";
				CLANG_ENABLE_MODULES = YES;
				CLANG_ENABLE_OBJC_ARC = YES;
				CLANG_WARN_BOOL_CONVERSION = YES;
				CLANG_WARN_CONSTANT_CONVERSION = YES;
				CLANG_WARN_DIRECT_OBJC_ISA_USAGE = YES_ERROR;
				CLANG_WARN_DOCUMENTATION_COMMENTS = YES;
				CLANG_WARN_EMPTY_BODY = YES;
				CLANG_WARN_ENUM_CONVERSION = YES;
				CLANG_WARN_INT_CONVERSION = YES;
				CLANG_WARN_OBJC_ROOT_CLASS = YES_ERROR;
				CLANG_WARN_UNREACHABLE_CODE = YES;
				CLANG_WARN__DUPLICATE_METHOD_MATCH = YES;
				"CODE_SIGN_IDENTITY[sdk=iphoneos*]" = "iPhone Developer";
				COPY_PHASE_STRIP = NO;
				DEBUG_INFORMATION_FORMAT = dwarf;
				ENABLE_STRICT_OBJC_MSGSEND = YES;
				ENABLE_TESTABILITY = YES;
				GCC_C_LANGUAGE_STANDARD = gnu99;
				GCC_DYNAMIC_NO_PIC = NO;
				GCC_NO_COMMON_BLOCKS = YES;
				GCC_OPTIMIZATION_LEVEL = 0;
				GCC_PREPROCESSOR_DEFINITIONS = (
					"DEBUG=1",
					"$(inherited)",
				);
				GCC_WARN_64_TO_32_BIT_CONVERSION = YES;
				GCC_WARN_ABOUT_RETURN_TYPE = YES_ERROR;
				GCC_WARN_UNDECLARED_SELECTOR = YES;
				GCC_WARN_UNINITIALIZED_AUTOS = YES_AGGRESSIVE;
				GCC_WARN_UNUSED_FUNCTION = YES;
				GCC_WARN_UNUSED_VARIABLE = YES;
				IPHONEOS_DEPLOYMENT_TARGET = 10.0;
				MTL_ENABLE_DEBUG_INFO = YES;
				ONLY_ACTIVE_ARCH = YES;
				SDKROOT = iphoneos;
				SWIFT_ACTIVE_COMPILATION_CONDITIONS = DEBUG;
				SWIFT_OPTIMIZATION_LEVEL = "-Onone";
			};
			name = Debug;
		};
		601079BF1D49510300BA44F4 /* Release */ = {
			isa = XCBuildConfiguration;
			buildSettings = {
				ALWAYS_SEARCH_USER_PATHS = NO;
				CLANG_ANALYZER_NONNULL = YES;
				CLANG_CXX_LANGUAGE_STANDARD = "gnu++0x";
				CLANG_CXX_LIBRARY = "libc++";
				CLANG_ENABLE_MODULES = YES;
				CLANG_ENABLE_OBJC_ARC = YES;
				CLANG_WARN_BOOL_CONVERSION = YES;
				CLANG_WARN_CONSTANT_CONVERSION = YES;
				CLANG_WARN_DIRECT_OBJC_ISA_USAGE = YES_ERROR;
				CLANG_WARN_DOCUMENTATION_COMMENTS = YES;
				CLANG_WARN_EMPTY_BODY = YES;
				CLANG_WARN_ENUM_CONVERSION = YES;
				CLANG_WARN_INT_CONVERSION = YES;
				CLANG_WARN_OBJC_ROOT_CLASS = YES_ERROR;
				CLANG_WARN_UNREACHABLE_CODE = YES;
				CLANG_WARN__DUPLICATE_METHOD_MATCH = YES;
				"CODE_SIGN_IDENTITY[sdk=iphoneos*]" = "iPhone Developer";
				COPY_PHASE_STRIP = NO;
				DEBUG_INFORMATION_FORMAT = "dwarf-with-dsym";
				ENABLE_NS_ASSERTIONS = NO;
				ENABLE_STRICT_OBJC_MSGSEND = YES;
				GCC_C_LANGUAGE_STANDARD = gnu99;
				GCC_NO_COMMON_BLOCKS = YES;
				GCC_WARN_64_TO_32_BIT_CONVERSION = YES;
				GCC_WARN_ABOUT_RETURN_TYPE = YES_ERROR;
				GCC_WARN_UNDECLARED_SELECTOR = YES;
				GCC_WARN_UNINITIALIZED_AUTOS = YES_AGGRESSIVE;
				GCC_WARN_UNUSED_FUNCTION = YES;
				GCC_WARN_UNUSED_VARIABLE = YES;
				IPHONEOS_DEPLOYMENT_TARGET = 10.0;
				MTL_ENABLE_DEBUG_INFO = NO;
				SDKROOT = iphoneos;
				SWIFT_OPTIMIZATION_LEVEL = "-Owholemodule";
				VALIDATE_PRODUCT = YES;
			};
			name = Release;
		};
		601079C11D49510300BA44F4 /* Debug */ = {
			isa = XCBuildConfiguration;
			buildSettings = {
				ASSETCATALOG_COMPILER_APPICON_NAME = AppIcon;
				"CODE_SIGN_IDENTITY[sdk=iphoneos*]" = "iPhone Developer";
				INFOPLIST_FILE = "Memorable Places/Info.plist";
				LD_RUNPATH_SEARCH_PATHS = "$(inherited) @executable_path/Frameworks";
				PRODUCT_BUNDLE_IDENTIFIER = "com.appmonkey.Memorable-Places";
				PRODUCT_NAME = "$(TARGET_NAME)";
				SWIFT_VERSION = 3.0;
			};
			name = Debug;
		};
		601079C21D49510300BA44F4 /* Release */ = {
			isa = XCBuildConfiguration;
			buildSettings = {
				ASSETCATALOG_COMPILER_APPICON_NAME = AppIcon;
				"CODE_SIGN_IDENTITY[sdk=iphoneos*]" = "iPhone Developer";
				INFOPLIST_FILE = "Memorable Places/Info.plist";
				LD_RUNPATH_SEARCH_PATHS = "$(inherited) @executable_path/Frameworks";
				PRODUCT_BUNDLE_IDENTIFIER = "com.appmonkey.Memorable-Places";
				PRODUCT_NAME = "$(TARGET_NAME)";
				SWIFT_VERSION = 3.0;
			};
			name = Release;
		};
/* End XCBuildConfiguration section */

/* Begin XCConfigurationList section */
		601079A91D49510300BA44F4 /* Build configuration list for PBXProject "Memorable Places" */ = {
			isa = XCConfigurationList;
			buildConfigurations = (
				601079BE1D49510300BA44F4 /* Debug */,
				601079BF1D49510300BA44F4 /* Release */,
			);
			defaultConfigurationIsVisible = 0;
			defaultConfigurationName = Release;
		};
		601079C01D49510300BA44F4 /* Build configuration list for PBXNativeTarget "Memorable Places" */ = {
			isa = XCConfigurationList;
			buildConfigurations = (
				601079C11D49510300BA44F4 /* Debug */,
				601079C21D49510300BA44F4 /* Release */,
			);
			defaultConfigurationIsVisible = 0;
			defaultConfigurationName = Release;
		};
/* End XCConfigurationList section */
	};
	rootObject = 601079A61D49510300BA44F4 /* Project object */;
}
